
Microsoft Visual Studio Solution File, Format Version 12.00
# Visual Studio 2013
VisualStudioVersion = 12.0.31101.0
MinimumVisualStudioVersion = 10.0.40219.1
Project("{FAE04EC0-301F-11D3-BF4B-00C04F79EFBC}") = "nRadio", "nRadio\nRadio.csproj", "{CA8906C1-7DEB-434F-93A8-05F359DFD7CD}"
EndProject
Project("{FAE04EC0-301F-11D3-BF4B-00C04F79EFBC}") = "TestConsole", "TestConsole\TestConsole.csproj", "{7E1367B7-4231-4B9E-BFF3-4C4487AADC54}"
EndProject
Global
	GlobalSection(SolutionConfigurationPlatforms) = preSolution
		Debug|Any CPU = Debug|Any CPU
		Release|Any CPU = Release|Any CPU
	EndGlobalSection
	GlobalSection(ProjectConfigurationPlatforms) = postSolution
		{CA8906C1-7DEB-434F-93A8-05F359DFD7CD}.Debug|Any CPU.ActiveCfg = Debug|Any CPU
		{CA8906C1-7DEB-434F-93A8-05F359DFD7CD}.Debug|Any CPU.Build.0 = Debug|Any CPU
		{CA8906C1-7DEB-434F-93A8-05F359DFD7CD}.Release|Any CPU.ActiveCfg = Release|Any CPU
		{CA8906C1-7DEB-434F-93A8-05F359DFD7CD}.Release|Any CPU.Build.0 = Release|Any CPU
		{7E1367B7-4231-4B9E-BFF3-4C4487AADC54}.Debug|Any CPU.ActiveCfg = Debug|Any CPU
		{7E1367B7-4231-4B9E-BFF3-4C4487AADC54}.Debug|Any CPU.Build.0 = Debug|Any CPU
		{7E1367B7-4231-4B9E-BFF3-4C4487AADC54}.Release|Any CPU.ActiveCfg = Release|Any CPU
		{7E1367B7-4231-4B9E-BFF3-4C4487AADC54}.Release|Any CPU.Build.0 = Release|Any CPU
	EndGlobalSection
	GlobalSection(SolutionProperties) = preSolution
		HideSolutionNode = FALSE
	EndGlobalSection
EndGlobal
